// !$*UTF8*$!
{
	archiveVersion = 1;
	classes = {
	};
	objectVersion = 50;
	objects = {

/* Begin PBXBuildFile section */
		8E823BA62583F134007117DB /* AppDelegate.swift in Sources */ = {isa = PBXBuildFile; fileRef = 8E823BA52583F134007117DB /* AppDelegate.swift */; };
		8E823BA82583F134007117DB /* FilmsViewController.swift in Sources */ = {isa = PBXBuildFile; fileRef = 8E823BA72583F134007117DB /* FilmsViewController.swift */; };
		8E823BAB2583F134007117DB /* Main.storyboard in Resources */ = {isa = PBXBuildFile; fileRef = 8E823BA92583F134007117DB /* Main.storyboard */; };
		8E823BAD2583F135007117DB /* Assets.xcassets in Resources */ = {isa = PBXBuildFile; fileRef = 8E823BAC2583F135007117DB /* Assets.xcassets */; };
		8E823BB02583F135007117DB /* LaunchScreen.storyboard in Resources */ = {isa = PBXBuildFile; fileRef = 8E823BAE2583F135007117DB /* LaunchScreen.storyboard */; };
		8E823BC525840CC2007117DB /* GlobalVars.swift in Sources */ = {isa = PBXBuildFile; fileRef = 8E823BC425840CC2007117DB /* GlobalVars.swift */; };
		8E823BCA25840D65007117DB /* Films.swift in Sources */ = {isa = PBXBuildFile; fileRef = 8E823BC925840D65007117DB /* Films.swift */; };
/* End PBXBuildFile section */

/* Begin PBXFileReference section */
		8E823BA22583F134007117DB /* COSMOTV.app */ = {isa = PBXFileReference; explicitFileType = wrapper.application; includeInIndex = 0; path = COSMOTV.app; sourceTree = BUILT_PRODUCTS_DIR; };
		8E823BA52583F134007117DB /* AppDelegate.swift */ = {isa = PBXFileReference; lastKnownFileType = sourcecode.swift; path = AppDelegate.swift; sourceTree = "<group>"; };
		8E823BA72583F134007117DB /* FilmsViewController.swift */ = {isa = PBXFileReference; lastKnownFileType = sourcecode.swift; path = FilmsViewController.swift; sourceTree = "<group>"; };
		8E823BAA2583F134007117DB /* Base */ = {isa = PBXFileReference; lastKnownFileType = file.storyboard; name = Base; path = Base.lproj/Main.storyboard; sourceTree = "<group>"; };
		8E823BAC2583F135007117DB /* Assets.xcassets */ = {isa = PBXFileReference; lastKnownFileType = folder.assetcatalog; path = Assets.xcassets; sourceTree = "<group>"; };
		8E823BAF2583F135007117DB /* Base */ = {isa = PBXFileReference; lastKnownFileType = file.storyboard; name = Base; path = Base.lproj/LaunchScreen.storyboard; sourceTree = "<group>"; };
		8E823BB12583F135007117DB /* Info.plist */ = {isa = PBXFileReference; lastKnownFileType = text.plist.xml; path = Info.plist; sourceTree = "<group>"; };
		8E823BC425840CC2007117DB /* GlobalVars.swift */ = {isa = PBXFileReference; lastKnownFileType = sourcecode.swift; path = GlobalVars.swift; sourceTree = "<group>"; };
		8E823BC925840D65007117DB /* Films.swift */ = {isa = PBXFileReference; lastKnownFileType = sourcecode.swift; path = Films.swift; sourceTree = "<group>"; };
/* End PBXFileReference section */

/* Begin PBXFrameworksBuildPhase section */
		8E823B9F2583F134007117DB /* Frameworks */ = {
			isa = PBXFrameworksBuildPhase;
			buildActionMask = 2147483647;
			files = (
			);
			runOnlyForDeploymentPostprocessing = 0;
		};
/* End PBXFrameworksBuildPhase section */

/* Begin PBXGroup section */
		8E823B992583F134007117DB = {
			isa = PBXGroup;
			children = (
				8E823BA42583F134007117DB /* COSMOTV */,
				8E823BA32583F134007117DB /* Products */,
			);
			sourceTree = "<group>";
		};
		8E823BA32583F134007117DB /* Products */ = {
			isa = PBXGroup;
			children = (
				8E823BA22583F134007117DB /* COSMOTV.app */,
			);
			name = Products;
			sourceTree = "<group>";
		};
		8E823BA42583F134007117DB /* COSMOTV */ = {
			isa = PBXGroup;
			children = (
				8E823BC825840D57007117DB /* Class */,
				8E823BC325840CAD007117DB /* Global */,
				8E823BBB2583F243007117DB /* Storyboard */,
				8E823BBA2583F23B007117DB /* System */,
				8E823BB92583F22F007117DB /* ViewController */,
				8E823BAC2583F135007117DB /* Assets.xcassets */,
				8E823BB12583F135007117DB /* Info.plist */,
			);
			path = COSMOTV;
			sourceTree = "<group>";
		};
		8E823BB92583F22F007117DB /* ViewController */ = {
			isa = PBXGroup;
			children = (
				8E823BA72583F134007117DB /* FilmsViewController.swift */,
			);
			path = ViewController;
			sourceTree = "<group>";
		};
		8E823BBA2583F23B007117DB /* System */ = {
			isa = PBXGroup;
			children = (
				8E823BA52583F134007117DB /* AppDelegate.swift */,
			);
			path = System;
			sourceTree = "<group>";
		};
		8E823BBB2583F243007117DB /* Storyboard */ = {
			isa = PBXGroup;
			children = (
				8E823BAE2583F135007117DB /* LaunchScreen.storyboard */,
				8E823BA92583F134007117DB /* Main.storyboard */,
			);
			path = Storyboard;
			sourceTree = "<group>";
		};
		8E823BC325840CAD007117DB /* Global */ = {
			isa = PBXGroup;
			children = (
				8E823BC425840CC2007117DB /* GlobalVars.swift */,
			);
			path = Global;
			sourceTree = "<group>";
		};
		8E823BC825840D57007117DB /* Class */ = {
			isa = PBXGroup;
			children = (
				8E823BC925840D65007117DB /* Films.swift */,
			);
			path = Class;
			sourceTree = "<group>";
		};
/* End PBXGroup section */

/* Begin PBXNativeTarget section */
		8E823BA12583F134007117DB /* COSMOTV */ = {
			isa = PBXNativeTarget;
			buildConfigurationList = 8E823BB42583F135007117DB /* Build configuration list for PBXNativeTarget "COSMOTV" */;
			buildPhases = (
				8E823B9E2583F134007117DB /* Sources */,
				8E823B9F2583F134007117DB /* Frameworks */,
				8E823BA02583F134007117DB /* Resources */,
			);
			buildRules = (
			);
			dependencies = (
			);
			name = COSMOTV;
			productName = COSMOTV;
			productReference = 8E823BA22583F134007117DB /* COSMOTV.app */;
			productType = "com.apple.product-type.application";
		};
/* End PBXNativeTarget section */

/* Begin PBXProject section */
		8E823B9A2583F134007117DB /* Project object */ = {
			isa = PBXProject;
			attributes = {
				LastSwiftUpdateCheck = 1220;
				LastUpgradeCheck = 1220;
				TargetAttributes = {
					8E823BA12583F134007117DB = {
						CreatedOnToolsVersion = 12.2;
					};
				};
			};
			buildConfigurationList = 8E823B9D2583F134007117DB /* Build configuration list for PBXProject "COSMOTV" */;
			compatibilityVersion = "Xcode 9.3";
			developmentRegion = en;
			hasScannedForEncodings = 0;
			knownRegions = (
				en,
				Base,
			);
			mainGroup = 8E823B992583F134007117DB;
			productRefGroup = 8E823BA32583F134007117DB /* Products */;
			projectDirPath = "";
			projectRoot = "";
			targets = (
				8E823BA12583F134007117DB /* COSMOTV */,
			);
		};
/* End PBXProject section */

/* Begin PBXResourcesBuildPhase section */
		8E823BA02583F134007117DB /* Resources */ = {
			isa = PBXResourcesBuildPhase;
			buildActionMask = 2147483647;
			files = (
				8E823BB02583F135007117DB /* LaunchScreen.storyboard in Resources */,
				8E823BAD2583F135007117DB /* Assets.xcassets in Resources */,
				8E823BAB2583F134007117DB /* Main.storyboard in Resources */,
			);
			runOnlyForDeploymentPostprocessing = 0;
		};
/* End PBXResourcesBuildPhase section */

/* Begin PBXSourcesBuildPhase section */
		8E823B9E2583F134007117DB /* Sources */ = {
			isa = PBXSourcesBuildPhase;
			buildActionMask = 2147483647;
			files = (
				8E823BA82583F134007117DB /* FilmsViewController.swift in Sources */,
				8E823BCA25840D65007117DB /* Films.swift in Sources */,
				8E823BC525840CC2007117DB /* GlobalVars.swift in Sources */,
				8E823BA62583F134007117DB /* AppDelegate.swift in Sources */,
			);
			runOnlyForDeploymentPostprocessing = 0;
		};
/* End PBXSourcesBuildPhase section */

/* Begin PBXVariantGroup section */
		8E823BA92583F134007117DB /* Main.storyboard */ = {
			isa = PBXVariantGroup;
			children = (
				8E823BAA2583F134007117DB /* Base */,
			);
			name = Main.storyboard;
			sourceTree = "<group>";
		};
		8E823BAE2583F135007117DB /* LaunchScreen.storyboard */ = {
			isa = PBXVariantGroup;
			children = (
				8E823BAF2583F135007117DB /* Base */,
			);
			name = LaunchScreen.storyboard;
			sourceTree = "<group>";
		};
/* End PBXVariantGroup section */

/* Begin XCBuildConfiguration section */
		8E823BB22583F135007117DB /* Debug */ = {
			isa = XCBuildConfiguration;
			buildSettings = {
				ALWAYS_SEARCH_USER_PATHS = NO;
				CLANG_ANALYZER_NONNULL = YES;
				CLANG_ANALYZER_NUMBER_OBJECT_CONVERSION = YES_AGGRESSIVE;
				CLANG_CXX_LANGUAGE_STANDARD = "gnu++14";
				CLANG_CXX_LIBRARY = "libc++";
				CLANG_ENABLE_MODULES = YES;
				CLANG_ENABLE_OBJC_ARC = YES;
				CLANG_ENABLE_OBJC_WEAK = YES;
				CLANG_WARN_BLOCK_CAPTURE_AUTORELEASING = YES;
				CLANG_WARN_BOOL_CONVERSION = YES;
				CLANG_WARN_COMMA = YES;
				CLANG_WARN_CONSTANT_CONVERSION = YES;
				CLANG_WARN_DEPRECATED_OBJC_IMPLEMENTATIONS = YES;
				CLANG_WARN_DIRECT_OBJC_ISA_USAGE = YES_ERROR;
				CLANG_WARN_DOCUMENTATION_COMMENTS = YES;
				CLANG_WARN_EMPTY_BODY = YES;
				CLANG_WARN_ENUM_CONVERSION = YES;
				CLANG_WARN_INFINITE_RECURSION = YES;
				CLANG_WARN_INT_CONVERSION = YES;
				CLANG_WARN_NON_LITERAL_NULL_CONVERSION = YES;
				CLANG_WARN_OBJC_IMPLICIT_RETAIN_SELF = YES;
				CLANG_WARN_OBJC_LITERAL_CONVERSION = YES;
				CLANG_WARN_OBJC_ROOT_CLASS = YES_ERROR;
				CLANG_WARN_QUOTED_INCLUDE_IN_FRAMEWORK_HEADER = YES;
				CLANG_WARN_RANGE_LOOP_ANALYSIS = YES;
				CLANG_WARN_STRICT_PROTOTYPES = YES;
				CLANG_WARN_SUSPICIOUS_MOVE = YES;
				CLANG_WARN_UNGUARDED_AVAILABILITY = YES_AGGRESSIVE;
				CLANG_WARN_UNREACHABLE_CODE = YES;
				CLANG_WARN__DUPLICATE_METHOD_MATCH = YES;
				COPY_PHASE_STRIP = NO;
				DEBUG_INFORMATION_FORMAT = dwarf;
				ENABLE_STRICT_OBJC_MSGSEND = YES;
				ENABLE_TESTABILITY = YES;
				GCC_C_LANGUAGE_STANDARD = gnu11;
				GCC_DYNAMIC_NO_PIC = NO;
				GCC_NO_COMMON_BLOCKS = YES;
				GCC_OPTIMIZATION_LEVEL = 0;
				GCC_PREPROCESSOR_DEFINITIONS = (
					"DEBUG=1",
					"$(inherited)",
				);
				GCC_WARN_64_TO_32_BIT_CONVERSION = YES;
				GCC_WARN_ABOUT_RETURN_TYPE = YES_ERROR;
				GCC_WARN_UNDECLARED_SELECTOR = YES;
				GCC_WARN_UNINITIALIZED_AUTOS = YES_AGGRESSIVE;
				GCC_WARN_UNUSED_FUNCTION = YES;
				GCC_WARN_UNUSED_VARIABLE = YES;
				MTL_ENABLE_DEBUG_INFO = INCLUDE_SOURCE;
				MTL_FAST_MATH = YES;
				ONLY_ACTIVE_ARCH = YES;
				SDKROOT = appletvos;
				SWIFT_ACTIVE_COMPILATION_CONDITIONS = DEBUG;
				SWIFT_OPTIMIZATION_LEVEL = "-Onone";
				TVOS_DEPLOYMENT_TARGET = 14.2;
			};
			name = Debug;
		};
		8E823BB32583F135007117DB /* Release */ = {
			isa = XCBuildConfiguration;
			buildSettings = {
				ALWAYS_SEARCH_USER_PATHS = NO;
				CLANG_ANALYZER_NONNULL = YES;
				CLANG_ANALYZER_NUMBER_OBJECT_CONVERSION = YES_AGGRESSIVE;
				CLANG_CXX_LANGUAGE_STANDARD = "gnu++14";
				CLANG_CXX_LIBRARY = "libc++";
				CLANG_ENABLE_MODULES = YES;
				CLANG_ENABLE_OBJC_ARC = YES;
				CLANG_ENABLE_OBJC_WEAK = YES;
				CLANG_WARN_BLOCK_CAPTURE_AUTORELEASING = YES;
				CLANG_WARN_BOOL_CONVERSION = YES;
				CLANG_WARN_COMMA = YES;
				CLANG_WARN_CONSTANT_CONVERSION = YES;
				CLANG_WARN_DEPRECATED_OBJC_IMPLEMENTATIONS = YES;
				CLANG_WARN_DIRECT_OBJC_ISA_USAGE = YES_ERROR;
				CLANG_WARN_DOCUMENTATION_COMMENTS = YES;
				CLANG_WARN_EMPTY_BODY = YES;
				CLANG_WARN_ENUM_CONVERSION = YES;
				CLANG_WARN_INFINITE_RECURSION = YES;
				CLANG_WARN_INT_CONVERSION = YES;
				CLANG_WARN_NON_LITERAL_NULL_CONVERSION = YES;
				CLANG_WARN_OBJC_IMPLICIT_RETAIN_SELF = YES;
				CLANG_WARN_OBJC_LITERAL_CONVERSION = YES;
				CLANG_WARN_OBJC_ROOT_CLASS = YES_ERROR;
				CLANG_WARN_QUOTED_INCLUDE_IN_FRAMEWORK_HEADER = YES;
				CLANG_WARN_RANGE_LOOP_ANALYSIS = YES;
				CLANG_WARN_STRICT_PROTOTYPES = YES;
				CLANG_WARN_SUSPICIOUS_MOVE = YES;
				CLANG_WARN_UNGUARDED_AVAILABILITY = YES_AGGRESSIVE;
				CLANG_WARN_UNREACHABLE_CODE = YES;
				CLANG_WARN__DUPLICATE_METHOD_MATCH = YES;
				COPY_PHASE_STRIP = NO;
				DEBUG_INFORMATION_FORMAT = "dwarf-with-dsym";
				ENABLE_NS_ASSERTIONS = NO;
				ENABLE_STRICT_OBJC_MSGSEND = YES;
				GCC_C_LANGUAGE_STANDARD = gnu11;
				GCC_NO_COMMON_BLOCKS = YES;
				GCC_WARN_64_TO_32_BIT_CONVERSION = YES;
				GCC_WARN_ABOUT_RETURN_TYPE = YES_ERROR;
				GCC_WARN_UNDECLARED_SELECTOR = YES;
				GCC_WARN_UNINITIALIZED_AUTOS = YES_AGGRESSIVE;
				GCC_WARN_UNUSED_FUNCTION = YES;
				GCC_WARN_UNUSED_VARIABLE = YES;
				MTL_ENABLE_DEBUG_INFO = NO;
				MTL_FAST_MATH = YES;
				SDKROOT = appletvos;
				SWIFT_COMPILATION_MODE = wholemodule;
				SWIFT_OPTIMIZATION_LEVEL = "-O";
				TVOS_DEPLOYMENT_TARGET = 14.2;
				VALIDATE_PRODUCT = YES;
			};
			name = Release;
		};
		8E823BB52583F135007117DB /* Debug */ = {
			isa = XCBuildConfiguration;
			buildSettings = {
				ASSETCATALOG_COMPILER_APPICON_NAME = "App Icon & Top Shelf Image";
				ASSETCATALOG_COMPILER_GLOBAL_ACCENT_COLOR_NAME = AccentColor;
				CODE_SIGN_STYLE = Automatic;
				DEVELOPMENT_TEAM = W5GM6TLRSM;
				INFOPLIST_FILE = COSMOTV/Info.plist;
				LD_RUNPATH_SEARCH_PATHS = (
					"$(inherited)",
					"@executable_path/Frameworks",
				);
				PRODUCT_BUNDLE_IDENTIFIER = tv.exoneb.COSMOTV;
				PRODUCT_NAME = "$(TARGET_NAME)";
				SWIFT_VERSION = 5.0;
				TARGETED_DEVICE_FAMILY = 3;
			};
			name = Debug;
		};
		8E823BB62583F135007117DB /* Release */ = {
			isa = XCBuildConfiguration;
			buildSettings = {
				ASSETCATALOG_COMPILER_APPICON_NAME = "App Icon & Top Shelf Image";
				ASSETCATALOG_COMPILER_GLOBAL_ACCENT_COLOR_NAME = AccentColor;
				CODE_SIGN_STYLE = Automatic;
				DEVELOPMENT_TEAM = W5GM6TLRSM;
				INFOPLIST_FILE = COSMOTV/Info.plist;
				LD_RUNPATH_SEARCH_PATHS = (
					"$(inherited)",
					"@executable_path/Frameworks",
				);
				PRODUCT_BUNDLE_IDENTIFIER = tv.exoneb.COSMOTV;
				PRODUCT_NAME = "$(TARGET_NAME)";
				SWIFT_VERSION = 5.0;
				TARGETED_DEVICE_FAMILY = 3;
			};
			name = Release;
		};
/* End XCBuildConfiguration section */

/* Begin XCConfigurationList section */
		8E823B9D2583F134007117DB /* Build configuration list for PBXProject "COSMOTV" */ = {
			isa = XCConfigurationList;
			buildConfigurations = (
				8E823BB22583F135007117DB /* Debug */,
				8E823BB32583F135007117DB /* Release */,
			);
			defaultConfigurationIsVisible = 0;
			defaultConfigurationName = Release;
		};
		8E823BB42583F135007117DB /* Build configuration list for PBXNativeTarget "COSMOTV" */ = {
			isa = XCConfigurationList;
			buildConfigurations = (
				8E823BB52583F135007117DB /* Debug */,
				8E823BB62583F135007117DB /* Release */,
			);
			defaultConfigurationIsVisible = 0;
			defaultConfigurationName = Release;
		};
/* End XCConfigurationList section */
	};
	rootObject = 8E823B9A2583F134007117DB /* Project object */;
}
